
Microsoft Visual Studio Solution File, Format Version 12.00
# Visual Studio Version 17
VisualStudioVersion = 17.0.31903.59
MinimumVisualStudioVersion = 10.0.40219.1
Project("{FAE04EC0-301F-11D3-BF4B-00C04F79EFBC}") = "TOSAi.TeacherApp", "TOSAi.TeacherApp\TOSAi.TeacherApp.csproj", "{1819E196-A2C3-4444-B11A-B57BF2E16028}"
EndProject
Project("{FAE04EC0-301F-11D3-BF4B-00C04F79EFBC}") = "TOSAi.Api", "TOSAi.Api\TOSAi.Api.csproj", "{31168DF0-5F4A-427C-9850-6E8B66F909E3}"
EndProject
Global
	GlobalSection(SolutionConfigurationPlatforms) = preSolution
		Debug|Any CPU = Debug|Any CPU
		Debug|x64 = Debug|x64
		Debug|x86 = Debug|x86
		Release|Any CPU = Release|Any CPU
		Release|x64 = Release|x64
		Release|x86 = Release|x86
	EndGlobalSection
	GlobalSection(ProjectConfigurationPlatforms) = postSolution
		{1819E196-A2C3-4444-B11A-B57BF2E16028}.Debug|Any CPU.ActiveCfg = Debug|Any CPU
		{1819E196-A2C3-4444-B11A-B57BF2E16028}.Debug|Any CPU.Build.0 = Debug|Any CPU
		{1819E196-A2C3-4444-B11A-B57BF2E16028}.Debug|x64.ActiveCfg = Debug|Any CPU
		{1819E196-A2C3-4444-B11A-B57BF2E16028}.Debug|x64.Build.0 = Debug|Any CPU
		{1819E196-A2C3-4444-B11A-B57BF2E16028}.Debug|x86.ActiveCfg = Debug|Any CPU
		{1819E196-A2C3-4444-B11A-B57BF2E16028}.Debug|x86.Build.0 = Debug|Any CPU
		{1819E196-A2C3-4444-B11A-B57BF2E16028}.Release|Any CPU.ActiveCfg = Release|Any CPU
		{1819E196-A2C3-4444-B11A-B57BF2E16028}.Release|Any CPU.Build.0 = Release|Any CPU
		{1819E196-A2C3-4444-B11A-B57BF2E16028}.Release|x64.ActiveCfg = Release|Any CPU
		{1819E196-A2C3-4444-B11A-B57BF2E16028}.Release|x64.Build.0 = Release|Any CPU
		{1819E196-A2C3-4444-B11A-B57BF2E16028}.Release|x86.ActiveCfg = Release|Any CPU
		{1819E196-A2C3-4444-B11A-B57BF2E16028}.Release|x86.Build.0 = Release|Any CPU
		{31168DF0-5F4A-427C-9850-6E8B66F909E3}.Debug|Any CPU.ActiveCfg = Debug|Any CPU
		{31168DF0-5F4A-427C-9850-6E8B66F909E3}.Debug|Any CPU.Build.0 = Debug|Any CPU
		{31168DF0-5F4A-427C-9850-6E8B66F909E3}.Debug|x64.ActiveCfg = Debug|Any CPU
		{31168DF0-5F4A-427C-9850-6E8B66F909E3}.Debug|x64.Build.0 = Debug|Any CPU
		{31168DF0-5F4A-427C-9850-6E8B66F909E3}.Debug|x86.ActiveCfg = Debug|Any CPU
		{31168DF0-5F4A-427C-9850-6E8B66F909E3}.Debug|x86.Build.0 = Debug|Any CPU
		{31168DF0-5F4A-427C-9850-6E8B66F909E3}.Release|Any CPU.ActiveCfg = Release|Any CPU
		{31168DF0-5F4A-427C-9850-6E8B66F909E3}.Release|Any CPU.Build.0 = Release|Any CPU
		{31168DF0-5F4A-427C-9850-6E8B66F909E3}.Release|x64.ActiveCfg = Release|Any CPU
		{31168DF0-5F4A-427C-9850-6E8B66F909E3}.Release|x64.Build.0 = Release|Any CPU
		{31168DF0-5F4A-427C-9850-6E8B66F909E3}.Release|x86.ActiveCfg = Release|Any CPU
		{31168DF0-5F4A-427C-9850-6E8B66F909E3}.Release|x86.Build.0 = Release|Any CPU
	EndGlobalSection
	GlobalSection(SolutionProperties) = preSolution
		HideSolutionNode = FALSE
	EndGlobalSection
EndGlobal
